
Microsoft Visual Studio Solution File, Format Version 12.00
Project("{2150E333-8FDC-42A3-9474-1A3956D46DE8}") = "src", "src", "{6C99F513-0EBD-4100-89F6-EE4E74929086}"
EndProject
Project("{2150E333-8FDC-42A3-9474-1A3956D46DE8}") = "test", "test", "{9955F685-2C33-4CDD-B171-0AA2DCB2CF34}"
EndProject
Project("{FAE04EC0-301F-11D3-BF4B-00C04F79EFBC}") = "Domain", "Domain\Domain.csproj", "{98508E82-31BE-4A84-BBAB-FD5257CC768D}"
EndProject
Project("{FAE04EC0-301F-11D3-BF4B-00C04F79EFBC}") = "Application", "Application\Application.csproj", "{AD42E4C9-5737-4828-8358-FA954071F898}"
EndProject
Project("{FAE04EC0-301F-11D3-BF4B-00C04F79EFBC}") = "API", "API\API.csproj", "{C6955836-DAAD-4EE1-B5FB-FBB8E9D9E7D5}"
	ProjectSection(ProjectDependencies) = postProject
		{AD42E4C9-5737-4828-8358-FA954071F898} = {AD42E4C9-5737-4828-8358-FA954071F898}
		{C0E9C74E-2A66-4B7A-9D29-6D06E776A6A4} = {C0E9C74E-2A66-4B7A-9D29-6D06E776A6A4}
		{98508E82-31BE-4A84-BBAB-FD5257CC768D} = {98508E82-31BE-4A84-BBAB-FD5257CC768D}
	EndProjectSection
EndProject
Project("{2150E333-8FDC-42A3-9474-1A3956D46DE8}") = "Core", "Core", "{410A54BB-4CC2-41FC-A8C4-FDB4F0AF1206}"
EndProject
Project("{2150E333-8FDC-42A3-9474-1A3956D46DE8}") = "External", "External", "{EBF26AD6-0D49-41D8-9540-057837C44AFE}"
EndProject
Global
	GlobalSection(SolutionConfigurationPlatforms) = preSolution
		Debug|Any CPU = Debug|Any CPU
		Release|Any CPU = Release|Any CPU
	EndGlobalSection
	GlobalSection(ProjectConfigurationPlatforms) = postSolution
		{98508E82-31BE-4A84-BBAB-FD5257CC768D}.Debug|Any CPU.ActiveCfg = Debug|Any CPU
		{98508E82-31BE-4A84-BBAB-FD5257CC768D}.Debug|Any CPU.Build.0 = Debug|Any CPU
		{98508E82-31BE-4A84-BBAB-FD5257CC768D}.Release|Any CPU.ActiveCfg = Release|Any CPU
		{98508E82-31BE-4A84-BBAB-FD5257CC768D}.Release|Any CPU.Build.0 = Release|Any CPU
		{AD42E4C9-5737-4828-8358-FA954071F898}.Debug|Any CPU.ActiveCfg = Debug|Any CPU
		{AD42E4C9-5737-4828-8358-FA954071F898}.Debug|Any CPU.Build.0 = Debug|Any CPU
		{AD42E4C9-5737-4828-8358-FA954071F898}.Release|Any CPU.ActiveCfg = Release|Any CPU
		{AD42E4C9-5737-4828-8358-FA954071F898}.Release|Any CPU.Build.0 = Release|Any CPU
		{C6955836-DAAD-4EE1-B5FB-FBB8E9D9E7D5}.Debug|Any CPU.ActiveCfg = Debug|Any CPU
		{C6955836-DAAD-4EE1-B5FB-FBB8E9D9E7D5}.Debug|Any CPU.Build.0 = Debug|Any CPU
		{C6955836-DAAD-4EE1-B5FB-FBB8E9D9E7D5}.Release|Any CPU.ActiveCfg = Release|Any CPU
		{C6955836-DAAD-4EE1-B5FB-FBB8E9D9E7D5}.Release|Any CPU.Build.0 = Release|Any CPU
	EndGlobalSection
	GlobalSection(NestedProjects) = preSolution
		{410A54BB-4CC2-41FC-A8C4-FDB4F0AF1206} = {6C99F513-0EBD-4100-89F6-EE4E74929086}
		{EBF26AD6-0D49-41D8-9540-057837C44AFE} = {6C99F513-0EBD-4100-89F6-EE4E74929086}
		{98508E82-31BE-4A84-BBAB-FD5257CC768D} = {410A54BB-4CC2-41FC-A8C4-FDB4F0AF1206}
		{AD42E4C9-5737-4828-8358-FA954071F898} = {410A54BB-4CC2-41FC-A8C4-FDB4F0AF1206}
		{C6955836-DAAD-4EE1-B5FB-FBB8E9D9E7D5} = {EBF26AD6-0D49-41D8-9540-057837C44AFE}
	EndGlobalSection
EndGlobal
